
Microsoft Visual Studio Solution File, Format Version 12.00
# Visual Studio 15
VisualStudioVersion = 15.0.28307.168
MinimumVisualStudioVersion = 10.0.40219.1
Project("{FAE04EC0-301F-11D3-BF4B-00C04F79EFBC}") = "AgencjaNieruchomosci", "AgencjaNieruchomosci\AgencjaNieruchomosci.csproj", "{6FC1F950-8605-43A5-85A9-831F50A890B9}"
EndProject
Global
	GlobalSection(SolutionConfigurationPlatforms) = preSolution
		Debug|Any CPU = Debug|Any CPU
		Release|Any CPU = Release|Any CPU
	EndGlobalSection
	GlobalSection(ProjectConfigurationPlatforms) = postSolution
		{6FC1F950-8605-43A5-85A9-831F50A890B9}.Debug|Any CPU.ActiveCfg = Debug|Any CPU
		{6FC1F950-8605-43A5-85A9-831F50A890B9}.Debug|Any CPU.Build.0 = Debug|Any CPU
		{6FC1F950-8605-43A5-85A9-831F50A890B9}.Release|Any CPU.ActiveCfg = Release|Any CPU
		{6FC1F950-8605-43A5-85A9-831F50A890B9}.Release|Any CPU.Build.0 = Release|Any CPU
	EndGlobalSection
	GlobalSection(SolutionProperties) = preSolution
		HideSolutionNode = FALSE
	EndGlobalSection
	GlobalSection(ExtensibilityGlobals) = postSolution
		SolutionGuid = {733FA8C3-AAF1-42AE-B4B4-9D4F3641DBDE}
	EndGlobalSection
EndGlobal
